// !$*UTF8*$!
{
	archiveVersion = 1;
	classes = {
	};
	objectVersion = 50;
	objects = {

/* Begin PBXBuildFile section */
		36BA5CAB22C5DE180005BC6B /* OneAppKit.framework in Frameworks */ = {isa = PBXBuildFile; fileRef = 36BA5CA122C5DE180005BC6B /* OneAppKit.framework */; };
		36BA5CB022C5DE180005BC6B /* OneAppKitTests.swift in Sources */ = {isa = PBXBuildFile; fileRef = 36BA5CAF22C5DE180005BC6B /* OneAppKitTests.swift */; };
		36BA5CB222C5DE180005BC6B /* OneAppKit.h in Headers */ = {isa = PBXBuildFile; fileRef = 36BA5CA422C5DE180005BC6B /* OneAppKit.h */; settings = {ATTRIBUTES = (Public, ); }; };
/* End PBXBuildFile section */

/* Begin PBXContainerItemProxy section */
		36BA5CAC22C5DE180005BC6B /* PBXContainerItemProxy */ = {
			isa = PBXContainerItemProxy;
			containerPortal = 36BA5C9822C5DE180005BC6B /* Project object */;
			proxyType = 1;
			remoteGlobalIDString = 36BA5CA022C5DE180005BC6B;
			remoteInfo = OneAppKit;
		};
/* End PBXContainerItemProxy section */

/* Begin PBXFileReference section */
		36BA5CA122C5DE180005BC6B /* OneAppKit.framework */ = {isa = PBXFileReference; explicitFileType = wrapper.framework; includeInIndex = 0; path = OneAppKit.framework; sourceTree = BUILT_PRODUCTS_DIR; };
		36BA5CA422C5DE180005BC6B /* OneAppKit.h */ = {isa = PBXFileReference; lastKnownFileType = sourcecode.c.h; path = OneAppKit.h; sourceTree = "<group>"; };
		36BA5CA522C5DE180005BC6B /* Info.plist */ = {isa = PBXFileReference; lastKnownFileType = text.plist.xml; path = Info.plist; sourceTree = "<group>"; };
		36BA5CAA22C5DE180005BC6B /* OneAppKitTests.xctest */ = {isa = PBXFileReference; explicitFileType = wrapper.cfbundle; includeInIndex = 0; path = OneAppKitTests.xctest; sourceTree = BUILT_PRODUCTS_DIR; };
		36BA5CAF22C5DE180005BC6B /* OneAppKitTests.swift */ = {isa = PBXFileReference; lastKnownFileType = sourcecode.swift; path = OneAppKitTests.swift; sourceTree = "<group>"; };
		36BA5CB122C5DE180005BC6B /* Info.plist */ = {isa = PBXFileReference; lastKnownFileType = text.plist.xml; path = Info.plist; sourceTree = "<group>"; };
/* End PBXFileReference section */

/* Begin PBXFrameworksBuildPhase section */
		36BA5C9E22C5DE180005BC6B /* Frameworks */ = {
			isa = PBXFrameworksBuildPhase;
			buildActionMask = 2147483647;
			files = (
			);
			runOnlyForDeploymentPostprocessing = 0;
		};
		36BA5CA722C5DE180005BC6B /* Frameworks */ = {
			isa = PBXFrameworksBuildPhase;
			buildActionMask = 2147483647;
			files = (
				36BA5CAB22C5DE180005BC6B /* OneAppKit.framework in Frameworks */,
			);
			runOnlyForDeploymentPostprocessing = 0;
		};
/* End PBXFrameworksBuildPhase section */

/* Begin PBXGroup section */
		36BA5C9722C5DE180005BC6B = {
			isa = PBXGroup;
			children = (
				36BA5CA322C5DE180005BC6B /* OneAppKit */,
				36BA5CAE22C5DE180005BC6B /* OneAppKitTests */,
				36BA5CA222C5DE180005BC6B /* Products */,
			);
			sourceTree = "<group>";
		};
		36BA5CA222C5DE180005BC6B /* Products */ = {
			isa = PBXGroup;
			children = (
				36BA5CA122C5DE180005BC6B /* OneAppKit.framework */,
				36BA5CAA22C5DE180005BC6B /* OneAppKitTests.xctest */,
			);
			name = Products;
			sourceTree = "<group>";
		};
		36BA5CA322C5DE180005BC6B /* OneAppKit */ = {
			isa = PBXGroup;
			children = (
				36BA5CA422C5DE180005BC6B /* OneAppKit.h */,
				36BA5CA522C5DE180005BC6B /* Info.plist */,
			);
			path = OneAppKit;
			sourceTree = "<group>";
		};
		36BA5CAE22C5DE180005BC6B /* OneAppKitTests */ = {
			isa = PBXGroup;
			children = (
				36BA5CAF22C5DE180005BC6B /* OneAppKitTests.swift */,
				36BA5CB122C5DE180005BC6B /* Info.plist */,
			);
			path = OneAppKitTests;
			sourceTree = "<group>";
		};
/* End PBXGroup section */

/* Begin PBXHeadersBuildPhase section */
		36BA5C9C22C5DE180005BC6B /* Headers */ = {
			isa = PBXHeadersBuildPhase;
			buildActionMask = 2147483647;
			files = (
				36BA5CB222C5DE180005BC6B /* OneAppKit.h in Headers */,
			);
			runOnlyForDeploymentPostprocessing = 0;
		};
/* End PBXHeadersBuildPhase section */

/* Begin PBXNativeTarget section */
		36BA5CA022C5DE180005BC6B /* OneAppKit */ = {
			isa = PBXNativeTarget;
			buildConfigurationList = 36BA5CB522C5DE180005BC6B /* Build configuration list for PBXNativeTarget "OneAppKit" */;
			buildPhases = (
				36BA5C9C22C5DE180005BC6B /* Headers */,
				36BA5C9D22C5DE180005BC6B /* Sources */,
				36BA5C9E22C5DE180005BC6B /* Frameworks */,
				36BA5C9F22C5DE180005BC6B /* Resources */,
			);
			buildRules = (
			);
			dependencies = (
			);
			name = OneAppKit;
			productName = OneAppKit;
			productReference = 36BA5CA122C5DE180005BC6B /* OneAppKit.framework */;
			productType = "com.apple.product-type.framework";
		};
		36BA5CA922C5DE180005BC6B /* OneAppKitTests */ = {
			isa = PBXNativeTarget;
			buildConfigurationList = 36BA5CB822C5DE180005BC6B /* Build configuration list for PBXNativeTarget "OneAppKitTests" */;
			buildPhases = (
				36BA5CA622C5DE180005BC6B /* Sources */,
				36BA5CA722C5DE180005BC6B /* Frameworks */,
				36BA5CA822C5DE180005BC6B /* Resources */,
			);
			buildRules = (
			);
			dependencies = (
				36BA5CAD22C5DE180005BC6B /* PBXTargetDependency */,
			);
			name = OneAppKitTests;
			productName = OneAppKitTests;
			productReference = 36BA5CAA22C5DE180005BC6B /* OneAppKitTests.xctest */;
			productType = "com.apple.product-type.bundle.unit-test";
		};
/* End PBXNativeTarget section */

/* Begin PBXProject section */
		36BA5C9822C5DE180005BC6B /* Project object */ = {
			isa = PBXProject;
			attributes = {
				LastSwiftUpdateCheck = 1100;
				LastUpgradeCheck = 1100;
				ORGANIZATIONNAME = "Tran Thien Khiem";
				TargetAttributes = {
					36BA5CA022C5DE180005BC6B = {
						CreatedOnToolsVersion = 11.0;
					};
					36BA5CA922C5DE180005BC6B = {
						CreatedOnToolsVersion = 11.0;
					};
				};
			};
			buildConfigurationList = 36BA5C9B22C5DE180005BC6B /* Build configuration list for PBXProject "OneAppKit" */;
			compatibilityVersion = "Xcode 9.3";
			developmentRegion = en;
			hasScannedForEncodings = 0;
			knownRegions = (
				en,
				Base,
			);
			mainGroup = 36BA5C9722C5DE180005BC6B;
			productRefGroup = 36BA5CA222C5DE180005BC6B /* Products */;
			projectDirPath = "";
			projectRoot = "";
			targets = (
				36BA5CA022C5DE180005BC6B /* OneAppKit */,
				36BA5CA922C5DE180005BC6B /* OneAppKitTests */,
			);
		};
/* End PBXProject section */

/* Begin PBXResourcesBuildPhase section */
		36BA5C9F22C5DE180005BC6B /* Resources */ = {
			isa = PBXResourcesBuildPhase;
			buildActionMask = 2147483647;
			files = (
			);
			runOnlyForDeploymentPostprocessing = 0;
		};
		36BA5CA822C5DE180005BC6B /* Resources */ = {
			isa = PBXResourcesBuildPhase;
			buildActionMask = 2147483647;
			files = (
			);
			runOnlyForDeploymentPostprocessing = 0;
		};
/* End PBXResourcesBuildPhase section */

/* Begin PBXSourcesBuildPhase section */
		36BA5C9D22C5DE180005BC6B /* Sources */ = {
			isa = PBXSourcesBuildPhase;
			buildActionMask = 2147483647;
			files = (
			);
			runOnlyForDeploymentPostprocessing = 0;
		};
		36BA5CA622C5DE180005BC6B /* Sources */ = {
			isa = PBXSourcesBuildPhase;
			buildActionMask = 2147483647;
			files = (
				36BA5CB022C5DE180005BC6B /* OneAppKitTests.swift in Sources */,
			);
			runOnlyForDeploymentPostprocessing = 0;
		};
/* End PBXSourcesBuildPhase section */

/* Begin PBXTargetDependency section */
		36BA5CAD22C5DE180005BC6B /* PBXTargetDependency */ = {
			isa = PBXTargetDependency;
			target = 36BA5CA022C5DE180005BC6B /* OneAppKit */;
			targetProxy = 36BA5CAC22C5DE180005BC6B /* PBXContainerItemProxy */;
		};
/* End PBXTargetDependency section */

/* Begin XCBuildConfiguration section */
		36BA5CB322C5DE180005BC6B /* Debug */ = {
			isa = XCBuildConfiguration;
			buildSettings = {
				ALWAYS_SEARCH_USER_PATHS = NO;
				CLANG_ANALYZER_NONNULL = YES;
				CLANG_ANALYZER_NUMBER_OBJECT_CONVERSION = YES_AGGRESSIVE;
				CLANG_CXX_LANGUAGE_STANDARD = "gnu++14";
				CLANG_CXX_LIBRARY = "libc++";
				CLANG_ENABLE_MODULES = YES;
				CLANG_ENABLE_OBJC_ARC = YES;
				CLANG_ENABLE_OBJC_WEAK = YES;
				CLANG_WARN_BLOCK_CAPTURE_AUTORELEASING = YES;
				CLANG_WARN_BOOL_CONVERSION = YES;
				CLANG_WARN_COMMA = YES;
				CLANG_WARN_CONSTANT_CONVERSION = YES;
				CLANG_WARN_DEPRECATED_OBJC_IMPLEMENTATIONS = YES;
				CLANG_WARN_DIRECT_OBJC_ISA_USAGE = YES_ERROR;
				CLANG_WARN_DOCUMENTATION_COMMENTS = YES;
				CLANG_WARN_EMPTY_BODY = YES;
				CLANG_WARN_ENUM_CONVERSION = YES;
				CLANG_WARN_INFINITE_RECURSION = YES;
				CLANG_WARN_INT_CONVERSION = YES;
				CLANG_WARN_NON_LITERAL_NULL_CONVERSION = YES;
				CLANG_WARN_OBJC_IMPLICIT_RETAIN_SELF = YES;
				CLANG_WARN_OBJC_LITERAL_CONVERSION = YES;
				CLANG_WARN_OBJC_ROOT_CLASS = YES_ERROR;
				CLANG_WARN_RANGE_LOOP_ANALYSIS = YES;
				CLANG_WARN_STRICT_PROTOTYPES = YES;
				CLANG_WARN_SUSPICIOUS_MOVE = YES;
				CLANG_WARN_UNGUARDED_AVAILABILITY = YES_AGGRESSIVE;
				CLANG_WARN_UNREACHABLE_CODE = YES;
				CLANG_WARN__DUPLICATE_METHOD_MATCH = YES;
				COPY_PHASE_STRIP = NO;
				CURRENT_PROJECT_VERSION = 1;
				DEBUG_INFORMATION_FORMAT = dwarf;
				ENABLE_STRICT_OBJC_MSGSEND = YES;
				ENABLE_TESTABILITY = YES;
				GCC_C_LANGUAGE_STANDARD = gnu11;
				GCC_DYNAMIC_NO_PIC = NO;
				GCC_NO_COMMON_BLOCKS = YES;
				GCC_OPTIMIZATION_LEVEL = 0;
				GCC_PREPROCESSOR_DEFINITIONS = (
					"DEBUG=1",
					"$(inherited)",
				);
				GCC_WARN_64_TO_32_BIT_CONVERSION = YES;
				GCC_WARN_ABOUT_RETURN_TYPE = YES_ERROR;
				GCC_WARN_UNDECLARED_SELECTOR = YES;
				GCC_WARN_UNINITIALIZED_AUTOS = YES_AGGRESSIVE;
				GCC_WARN_UNUSED_FUNCTION = YES;
				GCC_WARN_UNUSED_VARIABLE = YES;
				IPHONEOS_DEPLOYMENT_TARGET = 13.0;
				MTL_ENABLE_DEBUG_INFO = INCLUDE_SOURCE;
				MTL_FAST_MATH = YES;
				ONLY_ACTIVE_ARCH = YES;
				SDKROOT = iphoneos;
				SWIFT_ACTIVE_COMPILATION_CONDITIONS = DEBUG;
				SWIFT_OPTIMIZATION_LEVEL = "-Onone";
				VERSIONING_SYSTEM = "apple-generic";
				VERSION_INFO_PREFIX = "";
			};
			name = Debug;
		};
		36BA5CB422C5DE180005BC6B /* Release */ = {
			isa = XCBuildConfiguration;
			buildSettings = {
				ALWAYS_SEARCH_USER_PATHS = NO;
				CLANG_ANALYZER_NONNULL = YES;
				CLANG_ANALYZER_NUMBER_OBJECT_CONVERSION = YES_AGGRESSIVE;
				CLANG_CXX_LANGUAGE_STANDARD = "gnu++14";
				CLANG_CXX_LIBRARY = "libc++";
				CLANG_ENABLE_MODULES = YES;
				CLANG_ENABLE_OBJC_ARC = YES;
				CLANG_ENABLE_OBJC_WEAK = YES;
				CLANG_WARN_BLOCK_CAPTURE_AUTORELEASING = YES;
				CLANG_WARN_BOOL_CONVERSION = YES;
				CLANG_WARN_COMMA = YES;
				CLANG_WARN_CONSTANT_CONVERSION = YES;
				CLANG_WARN_DEPRECATED_OBJC_IMPLEMENTATIONS = YES;
				CLANG_WARN_DIRECT_OBJC_ISA_USAGE = YES_ERROR;
				CLANG_WARN_DOCUMENTATION_COMMENTS = YES;
				CLANG_WARN_EMPTY_BODY = YES;
				CLANG_WARN_ENUM_CONVERSION = YES;
				CLANG_WARN_INFINITE_RECURSION = YES;
				CLANG_WARN_INT_CONVERSION = YES;
				CLANG_WARN_NON_LITERAL_NULL_CONVERSION = YES;
				CLANG_WARN_OBJC_IMPLICIT_RETAIN_SELF = YES;
				CLANG_WARN_OBJC_LITERAL_CONVERSION = YES;
				CLANG_WARN_OBJC_ROOT_CLASS = YES_ERROR;
				CLANG_WARN_RANGE_LOOP_ANALYSIS = YES;
				CLANG_WARN_STRICT_PROTOTYPES = YES;
				CLANG_WARN_SUSPICIOUS_MOVE = YES;
				CLANG_WARN_UNGUARDED_AVAILABILITY = YES_AGGRESSIVE;
				CLANG_WARN_UNREACHABLE_CODE = YES;
				CLANG_WARN__DUPLICATE_METHOD_MATCH = YES;
				COPY_PHASE_STRIP = NO;
				CURRENT_PROJECT_VERSION = 1;
				DEBUG_INFORMATION_FORMAT = "dwarf-with-dsym";
				ENABLE_NS_ASSERTIONS = NO;
				ENABLE_STRICT_OBJC_MSGSEND = YES;
				GCC_C_LANGUAGE_STANDARD = gnu11;
				GCC_NO_COMMON_BLOCKS = YES;
				GCC_WARN_64_TO_32_BIT_CONVERSION = YES;
				GCC_WARN_ABOUT_RETURN_TYPE = YES_ERROR;
				GCC_WARN_UNDECLARED_SELECTOR = YES;
				GCC_WARN_UNINITIALIZED_AUTOS = YES_AGGRESSIVE;
				GCC_WARN_UNUSED_FUNCTION = YES;
				GCC_WARN_UNUSED_VARIABLE = YES;
				IPHONEOS_DEPLOYMENT_TARGET = 13.0;
				MTL_ENABLE_DEBUG_INFO = NO;
				MTL_FAST_MATH = YES;
				SDKROOT = iphoneos;
				SWIFT_COMPILATION_MODE = wholemodule;
				SWIFT_OPTIMIZATION_LEVEL = "-O";
				VALIDATE_PRODUCT = YES;
				VERSIONING_SYSTEM = "apple-generic";
				VERSION_INFO_PREFIX = "";
			};
			name = Release;
		};
		36BA5CB622C5DE180005BC6B /* Debug */ = {
			isa = XCBuildConfiguration;
			buildSettings = {
				CODE_SIGN_STYLE = Automatic;
				DEFINES_MODULE = YES;
				DYLIB_COMPATIBILITY_VERSION = 1;
				DYLIB_CURRENT_VERSION = 1;
				DYLIB_INSTALL_NAME_BASE = "@rpath";
				INFOPLIST_FILE = OneAppKit/Info.plist;
				INSTALL_PATH = "$(LOCAL_LIBRARY_DIR)/Frameworks";
				LD_RUNPATH_SEARCH_PATHS = (
					"$(inherited)",
					"@executable_path/Frameworks",
					"@loader_path/Frameworks",
				);
				PRODUCT_BUNDLE_IDENTIFIER = com.banhtieu.OneAppKit;
				PRODUCT_NAME = "$(TARGET_NAME:c99extidentifier)";
				SKIP_INSTALL = YES;
				SWIFT_VERSION = 5.0;
				TARGETED_DEVICE_FAMILY = "1,2";
			};
			name = Debug;
		};
		36BA5CB722C5DE180005BC6B /* Release */ = {
			isa = XCBuildConfiguration;
			buildSettings = {
				CODE_SIGN_STYLE = Automatic;
				DEFINES_MODULE = YES;
				DYLIB_COMPATIBILITY_VERSION = 1;
				DYLIB_CURRENT_VERSION = 1;
				DYLIB_INSTALL_NAME_BASE = "@rpath";
				INFOPLIST_FILE = OneAppKit/Info.plist;
				INSTALL_PATH = "$(LOCAL_LIBRARY_DIR)/Frameworks";
				LD_RUNPATH_SEARCH_PATHS = (
					"$(inherited)",
					"@executable_path/Frameworks",
					"@loader_path/Frameworks",
				);
				PRODUCT_BUNDLE_IDENTIFIER = com.banhtieu.OneAppKit;
				PRODUCT_NAME = "$(TARGET_NAME:c99extidentifier)";
				SKIP_INSTALL = YES;
				SWIFT_VERSION = 5.0;
				TARGETED_DEVICE_FAMILY = "1,2";
			};
			name = Release;
		};
		36BA5CB922C5DE180005BC6B /* Debug */ = {
			isa = XCBuildConfiguration;
			buildSettings = {
				CODE_SIGN_STYLE = Automatic;
				INFOPLIST_FILE = OneAppKitTests/Info.plist;
				LD_RUNPATH_SEARCH_PATHS = (
					"$(inherited)",
					"@executable_path/Frameworks",
					"@loader_path/Frameworks",
				);
				PRODUCT_BUNDLE_IDENTIFIER = com.banhtieu.OneAppKitTests;
				PRODUCT_NAME = "$(TARGET_NAME)";
				SWIFT_VERSION = 5.0;
				TARGETED_DEVICE_FAMILY = "1,2";
			};
			name = Debug;
		};
		36BA5CBA22C5DE180005BC6B /* Release */ = {
			isa = XCBuildConfiguration;
			buildSettings = {
				CODE_SIGN_STYLE = Automatic;
				INFOPLIST_FILE = OneAppKitTests/Info.plist;
				LD_RUNPATH_SEARCH_PATHS = (
					"$(inherited)",
					"@executable_path/Frameworks",
					"@loader_path/Frameworks",
				);
				PRODUCT_BUNDLE_IDENTIFIER = com.banhtieu.OneAppKitTests;
				PRODUCT_NAME = "$(TARGET_NAME)";
				SWIFT_VERSION = 5.0;
				TARGETED_DEVICE_FAMILY = "1,2";
			};
			name = Release;
		};
/* End XCBuildConfiguration section */

/* Begin XCConfigurationList section */
		36BA5C9B22C5DE180005BC6B /* Build configuration list for PBXProject "OneAppKit" */ = {
			isa = XCConfigurationList;
			buildConfigurations = (
				36BA5CB322C5DE180005BC6B /* Debug */,
				36BA5CB422C5DE180005BC6B /* Release */,
			);
			defaultConfigurationIsVisible = 0;
			defaultConfigurationName = Release;
		};
		36BA5CB522C5DE180005BC6B /* Build configuration list for PBXNativeTarget "OneAppKit" */ = {
			isa = XCConfigurationList;
			buildConfigurations = (
				36BA5CB622C5DE180005BC6B /* Debug */,
				36BA5CB722C5DE180005BC6B /* Release */,
			);
			defaultConfigurationIsVisible = 0;
			defaultConfigurationName = Release;
		};
		36BA5CB822C5DE180005BC6B /* Build configuration list for PBXNativeTarget "OneAppKitTests" */ = {
			isa = XCConfigurationList;
			buildConfigurations = (
				36BA5CB922C5DE180005BC6B /* Debug */,
				36BA5CBA22C5DE180005BC6B /* Release */,
			);
			defaultConfigurationIsVisible = 0;
			defaultConfigurationName = Release;
		};
/* End XCConfigurationList section */
	};
	rootObject = 36BA5C9822C5DE180005BC6B /* Project object */;
}
